# THIS IS AN AUTOGENERATED FILE. DO NOT EDIT THIS FILE DIRECTLY.
# yarn lockfile v1


"@oxc-project/types@=0.127.0":
  version "0.127.0"
  resolved "https://registry.npmjs.org/@oxc-project/types/-/types-0.127.0.tgz"
  integrity sha512-aIYXQBo4lCbO4z0R3FHeucQHpF46l2LbMdxRvqvuRuW2OxdnSkcng5B8+K12spgLDj93rtN3+J2Vac/TIO+ciQ==

"@rolldown/pluginutils@1.0.0-rc.17":
  version "1.0.0-rc.17"
  resolved "https://registry.npmjs.org/@rolldown/pluginutils/-/pluginutils-1.0.0-rc.17.tgz"
  integrity sha512-n8iosDOt6Ig1UhJ2AYqoIhHWh/isz0xpicHTzpKBeotdVsTEcxsSA/i3EVM7gQAj0rU27OLAxCjzlj15IWY7bg==

"@swc/core-darwin-arm64@1.16.2":
  version "1.16.2"
  resolved "https://registry.npmjs.org/@swc/core-darwin-arm64/-/core-darwin-arm64-1.16.2.tgz"
  integrity sha512-i/j0HNbnn79qnTVPicvay92Nark8fW8NQqn1e2mGERjUXNpBV0+SwQxlRpk2zBhn6laJ8PDI6Kn1nHZhnz3LCA==

"@swc/core@^1.10.2":
  version "1.16.2"
  resolved "https://registry.npmjs.org/@swc/core/-/core-1.16.2.tgz"
  integrity sha512-95I4kiSMeveI/Mhi+tE4fiWcWLUMfzfKrk0jtr8LRMqHgOgq+xHS+zExkDqoO4b5OeeuXHMWVdD5MeP3X6sULw==
  dependencies:
    "@swc/counter" "^0.1.3"
    "@swc/types" "^0.1.28"
  optionalDependencies:
    "@swc/core-darwin-arm64" "1.16.2"
    "@swc/core-darwin-x64" "1.16.2"
    "@swc/core-linux-arm-gnueabihf" "1.16.2"
    "@swc/core-linux-arm64-gnu" "1.16.2"
    "@swc/core-linux-arm64-musl" "1.16.2"
    "@swc/core-linux-ppc64-gnu" "1.16.2"
    "@swc/core-linux-s390x-gnu" "1.16.2"
    "@swc/core-linux-x64-gnu" "1.16.2"
    "@swc/core-linux-x64-musl" "1.16.2"
    "@swc/core-win32-arm64-msvc" "1.16.2"
    "@swc/core-win32-ia32-msvc" "1.16.2"
    "@swc/core-win32-x64-msvc" "1.16.2"

"@swc/counter@^0.1.3":
  version "0.1.3"
  resolved "https://registry.npmjs.org/@swc/counter/-/counter-0.1.3.tgz"
  integrity sha512-e2BR4lsJkkRlKZ/qCHPw9ZaSxc0MVUd7gtbtaB7aMvHeJVYe8sOB8DBZkP2DtISHGSku9sCK6T6cnY0CtXrOCQ==

"@swc/types@^0.1.28":
  version "0.1.28"
  resolved "https://registry.npmjs.org/@swc/types/-/types-0.1.28.tgz"
  integrity sha512-V6Mnml8v09QALx6K0elJ7o9K/MkVDtW3t6L+7Ou/JcWtb3xwId2AH4FeOceySd2JaO87IMw4+6vSZxLm34LPbw==
  dependencies:
    "@swc/counter" "^0.1.3"

"@types/node@*", "@types/node@^20.19.0 || >=22.12.0", "@types/node@>=20.0.0":
  version "26.6.2"
  resolved "https://registry.npmjs.org/@types/node/-/node-26.6.2.tgz"
  integrity sha512-X1P21scMv4zGKLYqjdGjaKa7COa0RKVYYZZN/NfvLQ1JegxFhdhpZG/Lyn8AXx6CDUavKAd11v6BvfpkDByK8g==
  dependencies:
    undici-types "~8.9.0"

"@types/w3c-xmlserializer@^2.0.4":
  version "2.0.4"
  resolved "https://registry.npmjs.org/@types/w3c-xmlserializer/-/w3c-xmlserializer-2.0.4.tgz"
  integrity sha512-A37kb4IAiBxTnsQ+guO2p4WMAJx5+n6kmvmosQQyVn8OwmyNwcxlP72PQVFP9yumQIfqgvLNH4vzp2vKLkGcJA==

"@types/whatwg-mimetype@^3.0.2":
  version "3.0.2"
  resolved "https://registry.npmjs.org/@types/whatwg-mimetype/-/whatwg-mimetype-3.0.2.tgz"
  integrity sha512-c2AKvDT8ToxLIOUlN51gTiHXflsfIFisS4pO7pDPoKouJCESkhZnEy623gwP9laCy5lnLDAw1vAzu2vM2YLOrA==

"@types/ws@^8.18.1":
  version "8.18.1"
  resolved "https://registry.npmjs.org/@types/ws/-/ws-8.18.1.tgz"
  integrity sha512-ThVF6DCVhA8kUGy+aazFQ4kXQ7E1Ty7A3ypFOe0IcJV8O/M511G99AW24irKrW56Wt44yG9+ij8FaqoBGkuBXg==
  dependencies:
    "@types/node" "*"

buffer-image-size@^0.6.4:
  version "0.6.4"
  resolved "https://registry.npmjs.org/buffer-image-size/-/buffer-image-size-0.6.4.tgz"
  integrity sha512-nEh+kZOPY1w+gcCMobZ6ETUp9WfibndnosbpwB1iJk/8Gt5ZF2bhS6+B6bPYz424KtwsR6Rflc3tCz1/ghX2dQ==
  dependencies:
    "@types/node" "*"

csstype@^3.2.3:
  version "3.2.3"
  resolved "https://registry.npmjs.org/csstype/-/csstype-3.2.3.tgz"
  integrity sha512-z1HGKcYy2xA8AGQfwrn0PAy+PB7X/GSj3UVJW9qKyn43xWa+gl5nXmU4qqLMRzWVLFC8KusUX8T/0kCiOYpAIQ==

defuss-runtime@^1.3.1:
  version "1.3.3"
  resolved "https://registry.npmjs.org/defuss-runtime/-/defuss-runtime-1.3.3.tgz"
  integrity sha512-DrZ3r5wEnoxcx+QB8btpQUZ/N13LQ4nH+KQMj3qdqe31S62YZDOi1EkrftabYg0m9ObxO86AxmT+3fNufK26kA==

defuss-vite@^1.2.1:
  version "1.2.1"
  resolved "https://registry.npmjs.org/defuss-vite/-/defuss-vite-1.2.1.tgz"
  integrity sha512-qLc3TVyTg1NI6kXPdNStlehF6PHhdGCs2XgvecwtiBGIe4jxGr2TVyAShR8/X+QY5RSIHs37M1aBGp6wZPQDpQ==
  dependencies:
    "@swc/core" "^1.10.2"
    vite "^8.0.0"

defuss@^3.4.9:
  version "3.4.9"
  resolved "https://registry.npmjs.org/defuss/-/defuss-3.4.9.tgz"
  integrity sha512-uLQ3wUWWLzWipolpguJxmm1l03Kd7VMjyFiXRW6+L7+fMKeXG3kCBrjEd8SACo9Tbo+hK3zZxR64eMROE3bMWg==
  dependencies:
    "@types/w3c-xmlserializer" "^2.0.4"
    csstype "^3.2.3"
    defuss-runtime "^1.3.1"
    happy-dom "^20.5.0"
    w3c-xmlserializer "^5.0.0"

detect-libc@^2.0.3:
  version "2.1.2"
  resolved "https://registry.npmjs.org/detect-libc/-/detect-libc-2.1.2.tgz"
  integrity sha512-Btj2BOOO83o3WyH59e8MgXsxEQVcarkUOpEYrubB0urwnN10yQ364rsiByU11nZlqWYZm05i/of7io4mzihBtQ==

entities@^7.0.1:
  version "7.0.1"
  resolved "https://registry.npmjs.org/entities/-/entities-7.0.1.tgz"
  integrity sha512-TWrgLOFUQTH994YUyl1yT4uyavY5nNB5muff+RtWaqNVCAK408b5ZnnbNAUEWLTCpum9w6arT70i1XdQ4UeOPA==

fdir@^6.5.0:
  version "6.5.0"
  resolved "https://registry.npmjs.org/fdir/-/fdir-6.5.0.tgz"
  integrity sha512-tIbYtZbucOs0BRGqPJkshJUYdL+SDH7dVM8gjy+ERp3WAUjLEFJE+02kanyHtwjWOnwrKYBiwAmM0p4kLJAnXg==

fsevents@~2.3.3:
  version "2.3.3"
  resolved "https://registry.npmjs.org/fsevents/-/fsevents-2.3.3.tgz"
  integrity sha512-5xoDfX+fL7faATnagmWPpbFtwh/R77WmMMqqHGS65C3vvB0YHrgF+B1YmZ3441tMj5n63k0212XNoJwzlhffQw==

happy-dom@^20.5.0:
  version "20.14.5"
  resolved "https://registry.npmjs.org/happy-dom/-/happy-dom-20.14.5.tgz"
  integrity sha512-x/RzkpWO40bTjIoT30iQtt64FLLmH/iRcUCN2X//bLx7H3ifkdfPXyqsro/OYtqzIAhiLMMA7mmiOR9C3NOKjQ==
  dependencies:
    "@types/node" ">=20.0.0"
    "@types/whatwg-mimetype" "^3.0.2"
    "@types/ws" "^8.18.1"
    buffer-image-size "^0.6.4"
    entities "^7.0.1"
    whatwg-mimetype "^3.0.0"
    ws "^8.21.0"

lightningcss-darwin-arm64@1.32.0:
  version "1.32.0"
  resolved "https://registry.npmjs.org/lightningcss-darwin-arm64/-/lightningcss-darwin-arm64-1.32.0.tgz"
  integrity sha512-RzeG9Ju5bag2Bv1/lwlVJvBE3q6TtXskdZLLCyfg5pt+HLz9BqlICO7LZM7VHNTTn/5PRhHFBSjk5lc4cmscPQ==

lightningcss@^1.32.0:
  version "1.32.0"
  resolved "https://registry.npmjs.org/lightningcss/-/lightningcss-1.32.0.tgz"
  integrity sha512-NXYBzinNrblfraPGyrbPoD19C1h9lfI/1mzgWYvXUTe414Gz/X1FD2XBZSZM7rRTrMA8JL3OtAaGifrIKhQ5yQ==
  dependencies:
    detect-libc "^2.0.3"
  optionalDependencies:
    lightningcss-android-arm64 "1.32.0"
    lightningcss-darwin-arm64 "1.32.0"
    lightningcss-darwin-x64 "1.32.0"
    lightningcss-freebsd-x64 "1.32.0"
    lightningcss-linux-arm-gnueabihf "1.32.0"
    lightningcss-linux-arm64-gnu "1.32.0"
    lightningcss-linux-arm64-musl "1.32.0"
    lightningcss-linux-x64-gnu "1.32.0"
    lightningcss-linux-x64-musl "1.32.0"
    lightningcss-win32-arm64-msvc "1.32.0"
    lightningcss-win32-x64-msvc "1.32.0"

nanoid@^3.3.11:
  version "3.3.11"
  resolved "https://registry.npmjs.org/nanoid/-/nanoid-3.3.11.tgz"
  integrity sha512-N8SpfPUnUp1bK+PMYW8qSWdl9U+wwNWI4QKxOYDy9JAro3WMX7p2OeVRF9v+347pnakNevPmiHhNmZ2HbFA76w==

picocolors@^1.1.1:
  version "1.1.1"
  resolved "https://registry.npmjs.org/picocolors/-/picocolors-1.1.1.tgz"
  integrity sha512-xceH2snhtb5M9liqDsmEw56le376mTZkEX/jEb/RxNFyegNul7eNslCXP9FDj/Lcu0X8KEyMceP2ntpaHrDEVA==

"picomatch@^3 || ^4", picomatch@^4.0.4:
  version "4.0.4"
  resolved "https://registry.npmjs.org/picomatch/-/picomatch-4.0.4.tgz"
  integrity sha512-QP88BAKvMam/3NxH6vj2o21R6MjxZUAd6nlwAS/pnGvN9IVLocLHxGYIzFhg6fUQ+5th6P4dv4eW9jX3DSIj7A==

playwright-core@^1.63.0:
  version "1.63.0"
  resolved "https://registry.npmjs.org/playwright-core/-/playwright-core-1.63.0.tgz"
  integrity sha512-rYCsBF/M5HjUch52bbtVONEFjv6Xu8sm8h72dNlR5bzIE1fvC/bxgspzkjSfU+MweEMmPM8KJebG6nnyxo5mCg==

postcss@^8.5.10:
  version "8.5.12"
  resolved "https://registry.npmjs.org/postcss/-/postcss-8.5.12.tgz"
  integrity sha512-W62t/Se6rA0Az3DfCL0AqJwXuKwBeYg6nOaIgzP+xZ7N5BFCI7DYi1qs6ygUYT6rvfi6t9k65UMLJC+PHZpDAA==
  dependencies:
    nanoid "^3.3.11"
    picocolors "^1.1.1"
    source-map-js "^1.2.1"

rolldown@1.0.0-rc.17:
  version "1.0.0-rc.17"
  resolved "https://registry.npmjs.org/rolldown/-/rolldown-1.0.0-rc.17.tgz"
  integrity sha512-ZrT53oAKrtA4+YtBWPQbtPOxIbVDbxT0orcYERKd63VJTF13zPcgXTvD4843L8pcsI7M6MErt8QtON6lrB9tyA==
  dependencies:
    "@oxc-project/types" "=0.127.0"
    "@rolldown/pluginutils" "1.0.0-rc.17"
  optionalDependencies:
    "@rolldown/binding-android-arm64" "1.0.0-rc.17"
    "@rolldown/binding-darwin-arm64" "1.0.0-rc.17"
    "@rolldown/binding-darwin-x64" "1.0.0-rc.17"
    "@rolldown/binding-freebsd-x64" "1.0.0-rc.17"
    "@rolldown/binding-linux-arm-gnueabihf" "1.0.0-rc.17"
    "@rolldown/binding-linux-arm64-gnu" "1.0.0-rc.17"
    "@rolldown/binding-linux-arm64-musl" "1.0.0-rc.17"
    "@rolldown/binding-linux-ppc64-gnu" "1.0.0-rc.17"
    "@rolldown/binding-linux-s390x-gnu" "1.0.0-rc.17"
    "@rolldown/binding-linux-x64-gnu" "1.0.0-rc.17"
    "@rolldown/binding-linux-x64-musl" "1.0.0-rc.17"
    "@rolldown/binding-openharmony-arm64" "1.0.0-rc.17"
    "@rolldown/binding-wasm32-wasi" "1.0.0-rc.17"
    "@rolldown/binding-win32-arm64-msvc" "1.0.0-rc.17"
    "@rolldown/binding-win32-x64-msvc" "1.0.0-rc.17"

source-map-js@^1.2.1:
  version "1.2.1"
  resolved "https://registry.npmjs.org/source-map-js/-/source-map-js-1.2.1.tgz"
  integrity sha512-UXWMKhLOwVKb728IUtQPXxfYU+usdybtUrK/8uGE8CQMvrhOpwvzDBwj0QhSL7MQc7vIsISBG8VQ8+IDQxpfQA==

tinyglobby@^0.2.16:
  version "0.2.16"
  resolved "https://registry.npmjs.org/tinyglobby/-/tinyglobby-0.2.16.tgz"
  integrity sha512-pn99VhoACYR8nFHhxqix+uvsbXineAasWm5ojXoN8xEwK5Kd3/TrhNn1wByuD52UxWRLy8pu+kRMniEi6Eq9Zg==
  dependencies:
    fdir "^6.5.0"
    picomatch "^4.0.4"

typescript@~6.0.2:
  version "6.0.3"
  resolved "https://registry.npmjs.org/typescript/-/typescript-6.0.3.tgz"
  integrity sha512-y2TvuxSZPDyQakkFRPZHKFm+KKVqIisdg9/CZwm9ftvKXLP8NRWj38/ODjNbr43SsoXqNuAisEf1GdCxqWcdBw==

undici-types@~8.9.0:
  version "8.9.0"
  resolved "https://registry.npmjs.org/undici-types/-/undici-types-8.9.0.tgz"
  integrity sha512-KTDyRTYX8sWmKXAikPHHSyc63CRPETMctyjKFupcC6OBLXT3xsN0e9aF7m+mIXutFWpUXuedtowG7iLOzp0kQg==

vite@^8.0.0, vite@^8.0.10:
  version "8.0.10"
  resolved "https://registry.npmjs.org/vite/-/vite-8.0.10.tgz"
  integrity sha512-rZuUu9j6J5uotLDs+cAA4O5H4K1SfPliUlQwqa6YEwSrWDZzP4rhm00oJR5snMewjxF5V/K3D4kctsUTsIU9Mw==
  dependencies:
    lightningcss "^1.32.0"
    picomatch "^4.0.4"
    postcss "^8.5.10"
    rolldown "1.0.0-rc.17"
    tinyglobby "^0.2.16"
  optionalDependencies:
    fsevents "~2.3.3"

w3c-xmlserializer@^5.0.0:
  version "5.0.0"
  resolved "https://registry.npmjs.org/w3c-xmlserializer/-/w3c-xmlserializer-5.0.0.tgz"
  integrity sha512-o8qghlI8NZHU1lLPrpi2+Uq7abh4GGPpYANlalzWxyWteJOCsr/P+oPBA49TOLu5FTZO4d3F9MnWJfiMo4BkmA==
  dependencies:
    xml-name-validator "^5.0.0"

whatwg-mimetype@^3.0.0:
  version "3.0.0"
  resolved "https://registry.npmjs.org/whatwg-mimetype/-/whatwg-mimetype-3.0.0.tgz"
  integrity sha512-nt+N2dzIutVRxARx1nghPKGv1xHikU7HKdfafKkLNLindmPU/ch3U31NOCGGA/dmPcmb1VlofO0vnKAcsm0o/Q==

ws@^8.21.0:
  version "8.21.3"
  resolved "https://registry.npmjs.org/ws/-/ws-8.21.3.tgz"
  integrity sha512-201TZ/kPWxoPr/OKWjquZR1SWKXcvxdH+e1xrx89b3YbmzLMFCLfnaG1HFIgWzJOEWZ7MvpK++odZufgYR50Rw==

xml-name-validator@^5.0.0:
  version "5.0.0"
  resolved "https://registry.npmjs.org/xml-name-validator/-/xml-name-validator-5.0.0.tgz"
  integrity sha512-EvGK8EJ3DhaHfbRlETOWAS5pO9MZITeauHKJyb8wyajUfQUenkIg2MvLDTZ4T/TgIcm3HU0TFBgWWboAZ30UHg==
